
Microsoft Visual Studio Solution File, Format Version 12.00
# Visual Studio Version 17
VisualStudioVersion = 17.14.37012.4 d17.14
MinimumVisualStudioVersion = 10.0.40219.1
Project("{2150E333-8FDC-42A3-9474-1A3956D46DE8}") = "src", "src", "{02EA681E-C7D8-13C7-8484-4AC65E1B71E8}"
EndProject
Project("{2150E333-8FDC-42A3-9474-1A3956D46DE8}") = "tests", "tests", "{F22D92C3-9B30-45FA-991C-64762CB65955}"
EndProject
Project("{FAE04EC0-301F-11D3-BF4B-00C04F79EFBC}") = "GestaoTitulos.API", "GestaoTitulos.API\GestaoTitulos.API.csproj", "{4D4DA2B9-FA94-4D3A-8A42-F6D7BB89763E}"
EndProject
Project("{FAE04EC0-301F-11D3-BF4B-00C04F79EFBC}") = "GestaoTitulos.Application", "GestaoTitulos.Application\GestaoTitulos.Application.csproj", "{C19883EB-338A-425E-B024-04A2E436E80F}"
EndProject
Project("{FAE04EC0-301F-11D3-BF4B-00C04F79EFBC}") = "GestaoTitulos.Domain", "GestaoTitulos.Domain\GestaoTitulos.Domain.csproj", "{C82EE06E-B29F-4121-ABAD-378F44933255}"
EndProject
Project("{FAE04EC0-301F-11D3-BF4B-00C04F79EFBC}") = "GestaoTitulos.Infrastructure", "GestaoTitulos.Infrastructure\GestaoTitulos.Infrastructure.csproj", "{D091FAAA-2428-4722-B0B3-7B6A98B8B02D}"
EndProject
Global
	GlobalSection(SolutionConfigurationPlatforms) = preSolution
		Debug|Any CPU = Debug|Any CPU
		Release|Any CPU = Release|Any CPU
	EndGlobalSection
	GlobalSection(ProjectConfigurationPlatforms) = postSolution
		{4D4DA2B9-FA94-4D3A-8A42-F6D7BB89763E}.Debug|Any CPU.ActiveCfg = Debug|Any CPU
		{4D4DA2B9-FA94-4D3A-8A42-F6D7BB89763E}.Debug|Any CPU.Build.0 = Debug|Any CPU
		{4D4DA2B9-FA94-4D3A-8A42-F6D7BB89763E}.Release|Any CPU.ActiveCfg = Release|Any CPU
		{4D4DA2B9-FA94-4D3A-8A42-F6D7BB89763E}.Release|Any CPU.Build.0 = Release|Any CPU
		{C19883EB-338A-425E-B024-04A2E436E80F}.Debug|Any CPU.ActiveCfg = Debug|Any CPU
		{C19883EB-338A-425E-B024-04A2E436E80F}.Debug|Any CPU.Build.0 = Debug|Any CPU
		{C19883EB-338A-425E-B024-04A2E436E80F}.Release|Any CPU.ActiveCfg = Release|Any CPU
		{C19883EB-338A-425E-B024-04A2E436E80F}.Release|Any CPU.Build.0 = Release|Any CPU
		{C82EE06E-B29F-4121-ABAD-378F44933255}.Debug|Any CPU.ActiveCfg = Debug|Any CPU
		{C82EE06E-B29F-4121-ABAD-378F44933255}.Debug|Any CPU.Build.0 = Debug|Any CPU
		{C82EE06E-B29F-4121-ABAD-378F44933255}.Release|Any CPU.ActiveCfg = Release|Any CPU
		{C82EE06E-B29F-4121-ABAD-378F44933255}.Release|Any CPU.Build.0 = Release|Any CPU
		{D091FAAA-2428-4722-B0B3-7B6A98B8B02D}.Debug|Any CPU.ActiveCfg = Debug|Any CPU
		{D091FAAA-2428-4722-B0B3-7B6A98B8B02D}.Debug|Any CPU.Build.0 = Debug|Any CPU
		{D091FAAA-2428-4722-B0B3-7B6A98B8B02D}.Release|Any CPU.ActiveCfg = Release|Any CPU
		{D091FAAA-2428-4722-B0B3-7B6A98B8B02D}.Release|Any CPU.Build.0 = Release|Any CPU
	EndGlobalSection
	GlobalSection(SolutionProperties) = preSolution
		HideSolutionNode = FALSE
	EndGlobalSection
	GlobalSection(NestedProjects) = preSolution
		{4D4DA2B9-FA94-4D3A-8A42-F6D7BB89763E} = {02EA681E-C7D8-13C7-8484-4AC65E1B71E8}
		{C19883EB-338A-425E-B024-04A2E436E80F} = {02EA681E-C7D8-13C7-8484-4AC65E1B71E8}
		{C82EE06E-B29F-4121-ABAD-378F44933255} = {02EA681E-C7D8-13C7-8484-4AC65E1B71E8}
		{D091FAAA-2428-4722-B0B3-7B6A98B8B02D} = {02EA681E-C7D8-13C7-8484-4AC65E1B71E8}
	EndGlobalSection
	GlobalSection(ExtensibilityGlobals) = postSolution
		SolutionGuid = {699AB61C-4293-4D51-9CB5-297D6A10ABDC}
	EndGlobalSection
EndGlobal
